// !$*UTF8*$!
{
	archiveVersion = 1;
	classes = {
	};
	objectVersion = 46;
	objects = {

/* Begin PBXBuildFile section */
		8D96A18E243F450BB7E3FE19 /* libPods.a in Frameworks */ = {isa = PBXBuildFile; fileRef = 5574AE2FA0C34C55A8F962DA /* libPods.a */; };
		AC0ED70519577CEA00D0A63E /* logo_login.png in Resources */ = {isa = PBXBuildFile; fileRef = AC0ED70319577CEA00D0A63E /* logo_login.png */; };
		AC0ED70619577CEA00D0A63E /* logo_login@2x.png in Resources */ = {isa = PBXBuildFile; fileRef = AC0ED70419577CEA00D0A63E /* logo_login@2x.png */; };
		AC0ED7091957923F00D0A63E /* logo_start.png in Resources */ = {isa = PBXBuildFile; fileRef = AC0ED7071957923F00D0A63E /* logo_start.png */; };
		AC0ED70A1957923F00D0A63E /* logo_start@2x.png in Resources */ = {isa = PBXBuildFile; fileRef = AC0ED7081957923F00D0A63E /* logo_start@2x.png */; };
		AC35C2CD1951207E00CD0828 /* facebook_logo.png in Resources */ = {isa = PBXBuildFile; fileRef = AC35C2CB1951207E00CD0828 /* facebook_logo.png */; };
		AC35C2CE1951207E00CD0828 /* facebook_logo@2x.png in Resources */ = {isa = PBXBuildFile; fileRef = AC35C2CC1951207E00CD0828 /* facebook_logo@2x.png */; };
		AC3FB19F194E303A00528258 /* STSessionManager.m in Sources */ = {isa = PBXBuildFile; fileRef = AC3FB19E194E303A00528258 /* STSessionManager.m */; };
		AC3FB1A4194E496C00528258 /* fb_login.png in Resources */ = {isa = PBXBuildFile; fileRef = AC3FB1A2194E496C00528258 /* fb_login.png */; };
		AC3FB1A5194E496C00528258 /* fb_login@2x.png in Resources */ = {isa = PBXBuildFile; fileRef = AC3FB1A3194E496C00528258 /* fb_login@2x.png */; };
		AC3FB1AF194FB69E00528258 /* STCategoriesViewController.m in Sources */ = {isa = PBXBuildFile; fileRef = AC3FB1AD194FB69E00528258 /* STCategoriesViewController.m */; };
		AC3FB1B0194FB69E00528258 /* STCategoriesViewController.xib in Resources */ = {isa = PBXBuildFile; fileRef = AC3FB1AE194FB69E00528258 /* STCategoriesViewController.xib */; };
		AC4D0B911950D4AD00A0ABF6 /* STRegisterViewController.m in Sources */ = {isa = PBXBuildFile; fileRef = AC4D0B8F1950D4AD00A0ABF6 /* STRegisterViewController.m */; };
		AC4D0B921950D4AD00A0ABF6 /* STRegisterViewController.xib in Resources */ = {isa = PBXBuildFile; fileRef = AC4D0B901950D4AD00A0ABF6 /* STRegisterViewController.xib */; };
		AC4D0B951950F23700A0ABF6 /* STUtilities.m in Sources */ = {isa = PBXBuildFile; fileRef = AC4D0B941950F23700A0ABF6 /* STUtilities.m */; };
		AC6D3917194DBCB200AE7590 /* STNetworkManager.m in Sources */ = {isa = PBXBuildFile; fileRef = AC6D3916194DBCB200AE7590 /* STNetworkManager.m */; };
		AC6D391C194DCC2400AE7590 /* STLoginViewController.m in Sources */ = {isa = PBXBuildFile; fileRef = AC6D391A194DCC2400AE7590 /* STLoginViewController.m */; };
		AC6D391D194DCC2400AE7590 /* STLoginViewController.xib in Resources */ = {isa = PBXBuildFile; fileRef = AC6D391B194DCC2400AE7590 /* STLoginViewController.xib */; };
		AC6D3923194DD75600AE7590 /* STAppDelegate.m in Sources */ = {isa = PBXBuildFile; fileRef = AC6D3922194DD75600AE7590 /* STAppDelegate.m */; };
		AC6D3927194DF9B900AE7590 /* demoVideo.mp4 in Resources */ = {isa = PBXBuildFile; fileRef = AC6D3926194DF9B900AE7590 /* demoVideo.mp4 */; };
		AC6D3929194DFA3D00AE7590 /* AVFoundation.framework in Frameworks */ = {isa = PBXBuildFile; fileRef = AC6D3928194DFA3D00AE7590 /* AVFoundation.framework */; };
		ACB1CA65195AF0C600F18C24 /* STBottomBar.m in Sources */ = {isa = PBXBuildFile; fileRef = ACB1CA64195AF0C600F18C24 /* STBottomBar.m */; };
		ACB1CA67195AF0F000F18C24 /* STBottomBar.xib in Resources */ = {isa = PBXBuildFile; fileRef = ACB1CA66195AF0F000F18C24 /* STBottomBar.xib */; };
		ACB1CA74195C4D1500F18C24 /* icon_restaurant_blue.png in Resources */ = {isa = PBXBuildFile; fileRef = ACB1CA70195C4D1500F18C24 /* icon_restaurant_blue.png */; };
		ACB1CA75195C4D1500F18C24 /* icon_restaurant_blue@2x.png in Resources */ = {isa = PBXBuildFile; fileRef = ACB1CA71195C4D1500F18C24 /* icon_restaurant_blue@2x.png */; };
		ACB1CA76195C4D1500F18C24 /* icon_restaurant_pink.png in Resources */ = {isa = PBXBuildFile; fileRef = ACB1CA72195C4D1500F18C24 /* icon_restaurant_pink.png */; };
		ACB1CA77195C4D1500F18C24 /* icon_restaurant_pink@2x.png in Resources */ = {isa = PBXBuildFile; fileRef = ACB1CA73195C4D1500F18C24 /* icon_restaurant_pink@2x.png */; };
		ACB1CA7C195C557600F18C24 /* icon_cafe_blue.png in Resources */ = {isa = PBXBuildFile; fileRef = ACB1CA78195C557600F18C24 /* icon_cafe_blue.png */; };
		ACB1CA7D195C557600F18C24 /* icon_cafe_blue@2x.png in Resources */ = {isa = PBXBuildFile; fileRef = ACB1CA79195C557600F18C24 /* icon_cafe_blue@2x.png */; };
		ACB1CA7E195C557600F18C24 /* icon_cafe_pink.png in Resources */ = {isa = PBXBuildFile; fileRef = ACB1CA7A195C557600F18C24 /* icon_cafe_pink.png */; };
		ACB1CA7F195C557600F18C24 /* icon_cafe_pink@2x.png in Resources */ = {isa = PBXBuildFile; fileRef = ACB1CA7B195C557600F18C24 /* icon_cafe_pink@2x.png */; };
		ACB1CA84195C5B7200F18C24 /* icon_drinks_blue.png in Resources */ = {isa = PBXBuildFile; fileRef = ACB1CA80195C5B7200F18C24 /* icon_drinks_blue.png */; };
		ACB1CA85195C5B7200F18C24 /* icon_drinks_blue@2x.png in Resources */ = {isa = PBXBuildFile; fileRef = ACB1CA81195C5B7200F18C24 /* icon_drinks_blue@2x.png */; };
		ACB1CA86195C5B7200F18C24 /* icon_drinks_pink.png in Resources */ = {isa = PBXBuildFile; fileRef = ACB1CA82195C5B7200F18C24 /* icon_drinks_pink.png */; };
		ACB1CA87195C5B7200F18C24 /* icon_drinks_pink@2x.png in Resources */ = {isa = PBXBuildFile; fileRef = ACB1CA83195C5B7200F18C24 /* icon_drinks_pink@2x.png */; };
		ACB1CA8C195C66B500F18C24 /* icon_groom_blue.png in Resources */ = {isa = PBXBuildFile; fileRef = ACB1CA88195C66B500F18C24 /* icon_groom_blue.png */; };
		ACB1CA8D195C66B500F18C24 /* icon_groom_blue@2x.png in Resources */ = {isa = PBXBuildFile; fileRef = ACB1CA89195C66B500F18C24 /* icon_groom_blue@2x.png */; };
		ACB1CA8E195C66B500F18C24 /* icon_groom_pink.png in Resources */ = {isa = PBXBuildFile; fileRef = ACB1CA8A195C66B500F18C24 /* icon_groom_pink.png */; };
		ACB1CA8F195C66B500F18C24 /* icon_groom_pink@2x.png in Resources */ = {isa = PBXBuildFile; fileRef = ACB1CA8B195C66B500F18C24 /* icon_groom_pink@2x.png */; };
		ACB7668F194C801000925D2D /* Foundation.framework in Frameworks */ = {isa = PBXBuildFile; fileRef = ACB7668E194C801000925D2D /* Foundation.framework */; };
		ACB76691194C801000925D2D /* CoreGraphics.framework in Frameworks */ = {isa = PBXBuildFile; fileRef = ACB76690194C801000925D2D /* CoreGraphics.framework */; };
		ACB76693194C801000925D2D /* UIKit.framework in Frameworks */ = {isa = PBXBuildFile; fileRef = ACB76692194C801000925D2D /* UIKit.framework */; };
		ACB76699194C801100925D2D /* InfoPlist.strings in Resources */ = {isa = PBXBuildFile; fileRef = ACB76697194C801100925D2D /* InfoPlist.strings */; };
		ACB7669B194C801100925D2D /* main.m in Sources */ = {isa = PBXBuildFile; fileRef = ACB7669A194C801100925D2D /* main.m */; };
		ACB766A1194C801100925D2D /* Images.xcassets in Resources */ = {isa = PBXBuildFile; fileRef = ACB766A0194C801100925D2D /* Images.xcassets */; };
		ACB766A8194C801100925D2D /* XCTest.framework in Frameworks */ = {isa = PBXBuildFile; fileRef = ACB766A7194C801100925D2D /* XCTest.framework */; };
		ACB766A9194C801100925D2D /* Foundation.framework in Frameworks */ = {isa = PBXBuildFile; fileRef = ACB7668E194C801000925D2D /* Foundation.framework */; };
		ACB766AA194C801100925D2D /* UIKit.framework in Frameworks */ = {isa = PBXBuildFile; fileRef = ACB76692194C801000925D2D /* UIKit.framework */; };
		ACB766B2194C801100925D2D /* InfoPlist.strings in Resources */ = {isa = PBXBuildFile; fileRef = ACB766B0194C801100925D2D /* InfoPlist.strings */; };
		ACB766B4194C801100925D2D /* StampAroundTests.m in Sources */ = {isa = PBXBuildFile; fileRef = ACB766B3194C801100925D2D /* StampAroundTests.m */; };
		ACB766C3194C8A3B00925D2D /* STStartViewController.m in Sources */ = {isa = PBXBuildFile; fileRef = ACB766C1194C8A3B00925D2D /* STStartViewController.m */; };
		ACB766C4194C8A3B00925D2D /* STStartViewController.xib in Resources */ = {isa = PBXBuildFile; fileRef = ACB766C2194C8A3B00925D2D /* STStartViewController.xib */; };
		ACC172C71959C54300279F41 /* DINNextRoundedLTPro-Bold.otf in Resources */ = {isa = PBXBuildFile; fileRef = ACC172C31959C54300279F41 /* DINNextRoundedLTPro-Bold.otf */; };
		ACC172C81959C54300279F41 /* DINNextRoundedLTPro-Light.otf in Resources */ = {isa = PBXBuildFile; fileRef = ACC172C41959C54300279F41 /* DINNextRoundedLTPro-Light.otf */; };
		ACC172C91959C54300279F41 /* DINNextRoundedLTPro-Medium.otf in Resources */ = {isa = PBXBuildFile; fileRef = ACC172C51959C54300279F41 /* DINNextRoundedLTPro-Medium.otf */; };
		ACC172CA1959C54300279F41 /* DINNextRoundedLTPro-Regular.otf in Resources */ = {isa = PBXBuildFile; fileRef = ACC172C61959C54300279F41 /* DINNextRoundedLTPro-Regular.otf */; };
		ACD358E21951042600D04B35 /* STButton.m in Sources */ = {isa = PBXBuildFile; fileRef = ACD358E11951042600D04B35 /* STButton.m */; };
		ACE7E80219510EA600CE87A8 /* QuartzCore.framework in Frameworks */ = {isa = PBXBuildFile; fileRef = ACE7E80119510EA600CE87A8 /* QuartzCore.framework */; };
/* End PBXBuildFile section */

/* Begin PBXContainerItemProxy section */
		ACB766AB194C801100925D2D /* PBXContainerItemProxy */ = {
			isa = PBXContainerItemProxy;
			containerPortal = ACB76683194C801000925D2D /* Project object */;
			proxyType = 1;
			remoteGlobalIDString = ACB7668A194C801000925D2D;
			remoteInfo = StampAround;
		};
/* End PBXContainerItemProxy section */

/* Begin PBXFileReference section */
		5574AE2FA0C34C55A8F962DA /* libPods.a */ = {isa = PBXFileReference; explicitFileType = archive.ar; includeInIndex = 0; path = libPods.a; sourceTree = BUILT_PRODUCTS_DIR; };
		7EBA073928054A5C9716E2E0 /* Pods.xcconfig */ = {isa = PBXFileReference; includeInIndex = 1; lastKnownFileType = text.xcconfig; name = Pods.xcconfig; path = Pods/Pods.xcconfig; sourceTree = "<group>"; };
		AC0ED70319577CEA00D0A63E /* logo_login.png */ = {isa = PBXFileReference; lastKnownFileType = image.png; name = logo_login.png; path = resources/images/logo_login.png; sourceTree = "<group>"; };
		AC0ED70419577CEA00D0A63E /* logo_login@2x.png */ = {isa = PBXFileReference; lastKnownFileType = image.png; name = "logo_login@2x.png"; path = "resources/images/logo_login@2x.png"; sourceTree = "<group>"; };
		AC0ED7071957923F00D0A63E /* logo_start.png */ = {isa = PBXFileReference; lastKnownFileType = image.png; name = logo_start.png; path = resources/images/logo_start.png; sourceTree = "<group>"; };
		AC0ED7081957923F00D0A63E /* logo_start@2x.png */ = {isa = PBXFileReference; lastKnownFileType = image.png; name = "logo_start@2x.png"; path = "resources/images/logo_start@2x.png"; sourceTree = "<group>"; };
		AC35C2CB1951207E00CD0828 /* facebook_logo.png */ = {isa = PBXFileReference; lastKnownFileType = image.png; name = facebook_logo.png; path = resources/images/facebook_logo.png; sourceTree = "<group>"; };
		AC35C2CC1951207E00CD0828 /* facebook_logo@2x.png */ = {isa = PBXFileReference; lastKnownFileType = image.png; name = "facebook_logo@2x.png"; path = "resources/images/facebook_logo@2x.png"; sourceTree = "<group>"; };
		AC3FB19C194E253700528258 /* STConstants.h */ = {isa = PBXFileReference; lastKnownFileType = sourcecode.c.h; name = STConstants.h; path = extra/STConstants.h; sourceTree = "<group>"; };
		AC3FB19D194E303A00528258 /* STSessionManager.h */ = {isa = PBXFileReference; fileEncoding = 4; lastKnownFileType = sourcecode.c.h; name = STSessionManager.h; path = managers/STSessionManager.h; sourceTree = "<group>"; };
		AC3FB19E194E303A00528258 /* STSessionManager.m */ = {isa = PBXFileReference; fileEncoding = 4; lastKnownFileType = sourcecode.c.objc; name = STSessionManager.m; path = managers/STSessionManager.m; sourceTree = "<group>"; };
		AC3FB1A2194E496C00528258 /* fb_login.png */ = {isa = PBXFileReference; lastKnownFileType = image.png; name = fb_login.png; path = resources/images/fb_login.png; sourceTree = "<group>"; };
		AC3FB1A3194E496C00528258 /* fb_login@2x.png */ = {isa = PBXFileReference; lastKnownFileType = image.png; name = "fb_login@2x.png"; path = "resources/images/fb_login@2x.png"; sourceTree = "<group>"; };
		AC3FB1AC194FB69E00528258 /* STCategoriesViewController.h */ = {isa = PBXFileReference; fileEncoding = 4; lastKnownFileType = sourcecode.c.h; name = STCategoriesViewController.h; path = categoriesscreen/STCategoriesViewController.h; sourceTree = "<group>"; };
		AC3FB1AD194FB69E00528258 /* STCategoriesViewController.m */ = {isa = PBXFileReference; fileEncoding = 4; lastKnownFileType = sourcecode.c.objc; name = STCategoriesViewController.m; path = categoriesscreen/STCategoriesViewController.m; sourceTree = "<group>"; };
		AC3FB1AE194FB69E00528258 /* STCategoriesViewController.xib */ = {isa = PBXFileReference; fileEncoding = 4; lastKnownFileType = file.xib; name = STCategoriesViewController.xib; path = categoriesscreen/STCategoriesViewController.xib; sourceTree = "<group>"; };
		AC4D0B8E1950D4AD00A0ABF6 /* STRegisterViewController.h */ = {isa = PBXFileReference; fileEncoding = 4; lastKnownFileType = sourcecode.c.h; name = STRegisterViewController.h; path = register/STRegisterViewController.h; sourceTree = "<group>"; };
		AC4D0B8F1950D4AD00A0ABF6 /* STRegisterViewController.m */ = {isa = PBXFileReference; fileEncoding = 4; lastKnownFileType = sourcecode.c.objc; name = STRegisterViewController.m; path = register/STRegisterViewController.m; sourceTree = "<group>"; };
		AC4D0B901950D4AD00A0ABF6 /* STRegisterViewController.xib */ = {isa = PBXFileReference; fileEncoding = 4; lastKnownFileType = file.xib; name = STRegisterViewController.xib; path = register/STRegisterViewController.xib; sourceTree = "<group>"; };
		AC4D0B931950F23700A0ABF6 /* STUtilities.h */ = {isa = PBXFileReference; fileEncoding = 4; lastKnownFileType = sourcecode.c.h; name = STUtilities.h; path = extra/STUtilities.h; sourceTree = "<group>"; };
		AC4D0B941950F23700A0ABF6 /* STUtilities.m */ = {isa = PBXFileReference; fileEncoding = 4; lastKnownFileType = sourcecode.c.objc; name = STUtilities.m; path = extra/STUtilities.m; sourceTree = "<group>"; };
		AC6D3915194DBCB200AE7590 /* STNetworkManager.h */ = {isa = PBXFileReference; fileEncoding = 4; lastKnownFileType = sourcecode.c.h; name = STNetworkManager.h; path = managers/STNetworkManager.h; sourceTree = "<group>"; };
		AC6D3916194DBCB200AE7590 /* STNetworkManager.m */ = {isa = PBXFileReference; fileEncoding = 4; lastKnownFileType = sourcecode.c.objc; name = STNetworkManager.m; path = managers/STNetworkManager.m; sourceTree = "<group>"; };
		AC6D3919194DCC2400AE7590 /* STLoginViewController.h */ = {isa = PBXFileReference; fileEncoding = 4; lastKnownFileType = sourcecode.c.h; name = STLoginViewController.h; path = login/STLoginViewController.h; sourceTree = "<group>"; };
		AC6D391A194DCC2400AE7590 /* STLoginViewController.m */ = {isa = PBXFileReference; fileEncoding = 4; lastKnownFileType = sourcecode.c.objc; name = STLoginViewController.m; path = login/STLoginViewController.m; sourceTree = "<group>"; };
		AC6D391B194DCC2400AE7590 /* STLoginViewController.xib */ = {isa = PBXFileReference; fileEncoding = 4; lastKnownFileType = file.xib; name = STLoginViewController.xib; path = login/STLoginViewController.xib; sourceTree = "<group>"; };
		AC6D3921194DD75600AE7590 /* STAppDelegate.h */ = {isa = PBXFileReference; fileEncoding = 4; lastKnownFileType = sourcecode.c.h; name = STAppDelegate.h; path = appdelegate/STAppDelegate.h; sourceTree = "<group>"; };
		AC6D3922194DD75600AE7590 /* STAppDelegate.m */ = {isa = PBXFileReference; fileEncoding = 4; lastKnownFileType = sourcecode.c.objc; name = STAppDelegate.m; path = appdelegate/STAppDelegate.m; sourceTree = "<group>"; };
		AC6D3924194DD81200AE7590 /* STMacros.h */ = {isa = PBXFileReference; lastKnownFileType = sourcecode.c.h; name = STMacros.h; path = extra/STMacros.h; sourceTree = "<group>"; };
		AC6D3926194DF9B900AE7590 /* demoVideo.mp4 */ = {isa = PBXFileReference; lastKnownFileType = file; name = demoVideo.mp4; path = assets/demoVideo.mp4; sourceTree = "<group>"; };
		AC6D3928194DFA3D00AE7590 /* AVFoundation.framework */ = {isa = PBXFileReference; lastKnownFileType = wrapper.framework; name = AVFoundation.framework; path = System/Library/Frameworks/AVFoundation.framework; sourceTree = SDKROOT; };
		ACB1CA63195AF0C600F18C24 /* STBottomBar.h */ = {isa = PBXFileReference; fileEncoding = 4; lastKnownFileType = sourcecode.c.h; name = STBottomBar.h; path = customelements/STBottomBar.h; sourceTree = "<group>"; };
		ACB1CA64195AF0C600F18C24 /* STBottomBar.m */ = {isa = PBXFileReference; fileEncoding = 4; lastKnownFileType = sourcecode.c.objc; name = STBottomBar.m; path = customelements/STBottomBar.m; sourceTree = "<group>"; };
		ACB1CA66195AF0F000F18C24 /* STBottomBar.xib */ = {isa = PBXFileReference; fileEncoding = 4; lastKnownFileType = file.xib; name = STBottomBar.xib; path = customelements/STBottomBar.xib; sourceTree = "<group>"; };
		ACB1CA70195C4D1500F18C24 /* icon_restaurant_blue.png */ = {isa = PBXFileReference; lastKnownFileType = image.png; name = icon_restaurant_blue.png; path = resources/images/icon_restaurant_blue.png; sourceTree = "<group>"; };
		ACB1CA71195C4D1500F18C24 /* icon_restaurant_blue@2x.png */ = {isa = PBXFileReference; lastKnownFileType = image.png; name = "icon_restaurant_blue@2x.png"; path = "resources/images/icon_restaurant_blue@2x.png"; sourceTree = "<group>"; };
		ACB1CA72195C4D1500F18C24 /* icon_restaurant_pink.png */ = {isa = PBXFileReference; lastKnownFileType = image.png; name = icon_restaurant_pink.png; path = resources/images/icon_restaurant_pink.png; sourceTree = "<group>"; };
		ACB1CA73195C4D1500F18C24 /* icon_restaurant_pink@2x.png */ = {isa = PBXFileReference; lastKnownFileType = image.png; name = "icon_restaurant_pink@2x.png"; path = "resources/images/icon_restaurant_pink@2x.png"; sourceTree = "<group>"; };
		ACB1CA78195C557600F18C24 /* icon_cafe_blue.png */ = {isa = PBXFileReference; lastKnownFileType = image.png; name = icon_cafe_blue.png; path = resources/images/icon_cafe_blue.png; sourceTree = "<group>"; };
		ACB1CA79195C557600F18C24 /* icon_cafe_blue@2x.png */ = {isa = PBXFileReference; lastKnownFileType = image.png; name = "icon_cafe_blue@2x.png"; path = "resources/images/icon_cafe_blue@2x.png"; sourceTree = "<group>"; };
		ACB1CA7A195C557600F18C24 /* icon_cafe_pink.png */ = {isa = PBXFileReference; lastKnownFileType = image.png; name = icon_cafe_pink.png; path = resources/images/icon_cafe_pink.png; sourceTree = "<group>"; };
		ACB1CA7B195C557600F18C24 /* icon_cafe_pink@2x.png */ = {isa = PBXFileReference; lastKnownFileType = image.png; name = "icon_cafe_pink@2x.png"; path = "resources/images/icon_cafe_pink@2x.png"; sourceTree = "<group>"; };
		ACB1CA80195C5B7200F18C24 /* icon_drinks_blue.png */ = {isa = PBXFileReference; lastKnownFileType = image.png; name = icon_drinks_blue.png; path = resources/images/icon_drinks_blue.png; sourceTree = "<group>"; };
		ACB1CA81195C5B7200F18C24 /* icon_drinks_blue@2x.png */ = {isa = PBXFileReference; lastKnownFileType = image.png; name = "icon_drinks_blue@2x.png"; path = "resources/images/icon_drinks_blue@2x.png"; sourceTree = "<group>"; };
		ACB1CA82195C5B7200F18C24 /* icon_drinks_pink.png */ = {isa = PBXFileReference; lastKnownFileType = image.png; name = icon_drinks_pink.png; path = resources/images/icon_drinks_pink.png; sourceTree = "<group>"; };
		ACB1CA83195C5B7200F18C24 /* icon_drinks_pink@2x.png */ = {isa = PBXFileReference; lastKnownFileType = image.png; name = "icon_drinks_pink@2x.png"; path = "resources/images/icon_drinks_pink@2x.png"; sourceTree = "<group>"; };
		ACB1CA88195C66B500F18C24 /* icon_groom_blue.png */ = {isa = PBXFileReference; lastKnownFileType = image.png; name = icon_groom_blue.png; path = resources/images/icon_groom_blue.png; sourceTree = "<group>"; };
		ACB1CA89195C66B500F18C24 /* icon_groom_blue@2x.png */ = {isa = PBXFileReference; lastKnownFileType = image.png; name = "icon_groom_blue@2x.png"; path = "resources/images/icon_groom_blue@2x.png"; sourceTree = "<group>"; };
		ACB1CA8A195C66B500F18C24 /* icon_groom_pink.png */ = {isa = PBXFileReference; lastKnownFileType = image.png; name = icon_groom_pink.png; path = resources/images/icon_groom_pink.png; sourceTree = "<group>"; };
		ACB1CA8B195C66B500F18C24 /* icon_groom_pink@2x.png */ = {isa = PBXFileReference; lastKnownFileType = image.png; name = "icon_groom_pink@2x.png"; path = "resources/images/icon_groom_pink@2x.png"; sourceTree = "<group>"; };
		ACB7668B194C801000925D2D /* StampAround.app */ = {isa = PBXFileReference; explicitFileType = wrapper.application; includeInIndex = 0; path = StampAround.app; sourceTree = BUILT_PRODUCTS_DIR; };
		ACB7668E194C801000925D2D /* Foundation.framework */ = {isa = PBXFileReference; lastKnownFileType = wrapper.framework; name = Foundation.framework; path = System/Library/Frameworks/Foundation.framework; sourceTree = SDKROOT; };
		ACB76690194C801000925D2D /* CoreGraphics.framework */ = {isa = PBXFileReference; lastKnownFileType = wrapper.framework; name = CoreGraphics.framework; path = System/Library/Frameworks/CoreGraphics.framework; sourceTree = SDKROOT; };
		ACB76692194C801000925D2D /* UIKit.framework */ = {isa = PBXFileReference; lastKnownFileType = wrapper.framework; name = UIKit.framework; path = System/Library/Frameworks/UIKit.framework; sourceTree = SDKROOT; };
		ACB76696194C801100925D2D /* StampAround-Info.plist */ = {isa = PBXFileReference; lastKnownFileType = text.plist.xml; path = "StampAround-Info.plist"; sourceTree = "<group>"; };
		ACB76698194C801100925D2D /* en */ = {isa = PBXFileReference; lastKnownFileType = text.plist.strings; name = en; path = en.lproj/InfoPlist.strings; sourceTree = "<group>"; };
		ACB7669A194C801100925D2D /* main.m */ = {isa = PBXFileReference; lastKnownFileType = sourcecode.c.objc; path = main.m; sourceTree = "<group>"; };
		ACB7669C194C801100925D2D /* StampAround-Prefix.pch */ = {isa = PBXFileReference; lastKnownFileType = sourcecode.c.h; path = "StampAround-Prefix.pch"; sourceTree = "<group>"; };
		ACB766A0194C801100925D2D /* Images.xcassets */ = {isa = PBXFileReference; lastKnownFileType = folder.assetcatalog; path = Images.xcassets; sourceTree = "<group>"; };
		ACB766A6194C801100925D2D /* StampAroundTests.xctest */ = {isa = PBXFileReference; explicitFileType = wrapper.cfbundle; includeInIndex = 0; path = StampAroundTests.xctest; sourceTree = BUILT_PRODUCTS_DIR; };
		ACB766A7194C801100925D2D /* XCTest.framework */ = {isa = PBXFileReference; lastKnownFileType = wrapper.framework; name = XCTest.framework; path = Library/Frameworks/XCTest.framework; sourceTree = DEVELOPER_DIR; };
		ACB766AF194C801100925D2D /* StampAroundTests-Info.plist */ = {isa = PBXFileReference; lastKnownFileType = text.plist.xml; path = "StampAroundTests-Info.plist"; sourceTree = "<group>"; };
		ACB766B1194C801100925D2D /* en */ = {isa = PBXFileReference; lastKnownFileType = text.plist.strings; name = en; path = en.lproj/InfoPlist.strings; sourceTree = "<group>"; };
		ACB766B3194C801100925D2D /* StampAroundTests.m */ = {isa = PBXFileReference; lastKnownFileType = sourcecode.c.objc; path = StampAroundTests.m; sourceTree = "<group>"; };
		ACB766C0194C8A3B00925D2D /* STStartViewController.h */ = {isa = PBXFileReference; fileEncoding = 4; lastKnownFileType = sourcecode.c.h; name = STStartViewController.h; path = startscreen/STStartViewController.h; sourceTree = "<group>"; };
		ACB766C1194C8A3B00925D2D /* STStartViewController.m */ = {isa = PBXFileReference; fileEncoding = 4; lastKnownFileType = sourcecode.c.objc; name = STStartViewController.m; path = startscreen/STStartViewController.m; sourceTree = "<group>"; };
		ACB766C2194C8A3B00925D2D /* STStartViewController.xib */ = {isa = PBXFileReference; fileEncoding = 4; lastKnownFileType = file.xib; name = STStartViewController.xib; path = startscreen/STStartViewController.xib; sourceTree = "<group>"; };
		ACC172C31959C54300279F41 /* DINNextRoundedLTPro-Bold.otf */ = {isa = PBXFileReference; lastKnownFileType = file; name = "DINNextRoundedLTPro-Bold.otf"; path = "resources/fonts/DINNextRoundedLTPro-Bold.otf"; sourceTree = "<group>"; };
		ACC172C41959C54300279F41 /* DINNextRoundedLTPro-Light.otf */ = {isa = PBXFileReference; lastKnownFileType = file; name = "DINNextRoundedLTPro-Light.otf"; path = "resources/fonts/DINNextRoundedLTPro-Light.otf"; sourceTree = "<group>"; };
		ACC172C51959C54300279F41 /* DINNextRoundedLTPro-Medium.otf */ = {isa = PBXFileReference; lastKnownFileType = file; name = "DINNextRoundedLTPro-Medium.otf"; path = "resources/fonts/DINNextRoundedLTPro-Medium.otf"; sourceTree = "<group>"; };
		ACC172C61959C54300279F41 /* DINNextRoundedLTPro-Regular.otf */ = {isa = PBXFileReference; lastKnownFileType = file; name = "DINNextRoundedLTPro-Regular.otf"; path = "resources/fonts/DINNextRoundedLTPro-Regular.otf"; sourceTree = "<group>"; };
		ACD358E01951042600D04B35 /* STButton.h */ = {isa = PBXFileReference; fileEncoding = 4; lastKnownFileType = sourcecode.c.h; name = STButton.h; path = customelements/STButton.h; sourceTree = "<group>"; };
		ACD358E11951042600D04B35 /* STButton.m */ = {isa = PBXFileReference; fileEncoding = 4; lastKnownFileType = sourcecode.c.objc; name = STButton.m; path = customelements/STButton.m; sourceTree = "<group>"; };
		ACE7E80119510EA600CE87A8 /* QuartzCore.framework */ = {isa = PBXFileReference; lastKnownFileType = wrapper.framework; name = QuartzCore.framework; path = System/Library/Frameworks/QuartzCore.framework; sourceTree = SDKROOT; };
/* End PBXFileReference section */

/* Begin PBXFrameworksBuildPhase section */
		ACB76688194C801000925D2D /* Frameworks */ = {
			isa = PBXFrameworksBuildPhase;
			buildActionMask = 2147483647;
			files = (
				ACE7E80219510EA600CE87A8 /* QuartzCore.framework in Frameworks */,
				AC6D3929194DFA3D00AE7590 /* AVFoundation.framework in Frameworks */,
				ACB76691194C801000925D2D /* CoreGraphics.framework in Frameworks */,
				ACB76693194C801000925D2D /* UIKit.framework in Frameworks */,
				ACB7668F194C801000925D2D /* Foundation.framework in Frameworks */,
				8D96A18E243F450BB7E3FE19 /* libPods.a in Frameworks */,
			);
			runOnlyForDeploymentPostprocessing = 0;
		};
		ACB766A3194C801100925D2D /* Frameworks */ = {
			isa = PBXFrameworksBuildPhase;
			buildActionMask = 2147483647;
			files = (
				ACB766A8194C801100925D2D /* XCTest.framework in Frameworks */,
				ACB766AA194C801100925D2D /* UIKit.framework in Frameworks */,
				ACB766A9194C801100925D2D /* Foundation.framework in Frameworks */,
			);
			runOnlyForDeploymentPostprocessing = 0;
		};
/* End PBXFrameworksBuildPhase section */

/* Begin PBXGroup section */
		AC3FB1A0194E491400528258 /* resources */ = {
			isa = PBXGroup;
			children = (
				AC4D0B971950FB3900A0ABF6 /* fonts */,
				AC3FB1A1194E491D00528258 /* images */,
			);
			name = resources;
			sourceTree = "<group>";
		};
		AC3FB1A1194E491D00528258 /* images */ = {
			isa = PBXGroup;
			children = (
				ACB1CA88195C66B500F18C24 /* icon_groom_blue.png */,
				ACB1CA89195C66B500F18C24 /* icon_groom_blue@2x.png */,
				ACB1CA8A195C66B500F18C24 /* icon_groom_pink.png */,
				ACB1CA8B195C66B500F18C24 /* icon_groom_pink@2x.png */,
				ACB1CA80195C5B7200F18C24 /* icon_drinks_blue.png */,
				ACB1CA81195C5B7200F18C24 /* icon_drinks_blue@2x.png */,
				ACB1CA82195C5B7200F18C24 /* icon_drinks_pink.png */,
				ACB1CA83195C5B7200F18C24 /* icon_drinks_pink@2x.png */,
				ACB1CA78195C557600F18C24 /* icon_cafe_blue.png */,
				ACB1CA79195C557600F18C24 /* icon_cafe_blue@2x.png */,
				ACB1CA7A195C557600F18C24 /* icon_cafe_pink.png */,
				ACB1CA7B195C557600F18C24 /* icon_cafe_pink@2x.png */,
				ACB1CA70195C4D1500F18C24 /* icon_restaurant_blue.png */,
				ACB1CA71195C4D1500F18C24 /* icon_restaurant_blue@2x.png */,
				ACB1CA72195C4D1500F18C24 /* icon_restaurant_pink.png */,
				ACB1CA73195C4D1500F18C24 /* icon_restaurant_pink@2x.png */,
				AC0ED7071957923F00D0A63E /* logo_start.png */,
				AC0ED7081957923F00D0A63E /* logo_start@2x.png */,
				AC0ED70319577CEA00D0A63E /* logo_login.png */,
				AC0ED70419577CEA00D0A63E /* logo_login@2x.png */,
				AC35C2CB1951207E00CD0828 /* facebook_logo.png */,
				AC35C2CC1951207E00CD0828 /* facebook_logo@2x.png */,
				AC3FB1A2194E496C00528258 /* fb_login.png */,
				AC3FB1A3194E496C00528258 /* fb_login@2x.png */,
			);
			name = images;
			sourceTree = "<group>";
		};
		AC3FB1A6194FB5CE00528258 /* categories screen */ = {
			isa = PBXGroup;
			children = (
				AC3FB1AC194FB69E00528258 /* STCategoriesViewController.h */,
				AC3FB1AD194FB69E00528258 /* STCategoriesViewController.m */,
				AC3FB1AE194FB69E00528258 /* STCategoriesViewController.xib */,
			);
			name = "categories screen";
			sourceTree = "<group>";
		};
		AC4D0B881950D42200A0ABF6 /* register */ = {
			isa = PBXGroup;
			children = (
				AC4D0B8E1950D4AD00A0ABF6 /* STRegisterViewController.h */,
				AC4D0B8F1950D4AD00A0ABF6 /* STRegisterViewController.m */,
				AC4D0B901950D4AD00A0ABF6 /* STRegisterViewController.xib */,
			);
			name = register;
			sourceTree = "<group>";
		};
		AC4D0B971950FB3900A0ABF6 /* fonts */ = {
			isa = PBXGroup;
			children = (
				ACC172C31959C54300279F41 /* DINNextRoundedLTPro-Bold.otf */,
				ACC172C41959C54300279F41 /* DINNextRoundedLTPro-Light.otf */,
				ACC172C51959C54300279F41 /* DINNextRoundedLTPro-Medium.otf */,
				ACC172C61959C54300279F41 /* DINNextRoundedLTPro-Regular.otf */,
			);
			name = fonts;
			sourceTree = "<group>";
		};
		AC6D3914194DBC4800AE7590 /* managers */ = {
			isa = PBXGroup;
			children = (
				AC6D3915194DBCB200AE7590 /* STNetworkManager.h */,
				AC6D3916194DBCB200AE7590 /* STNetworkManager.m */,
				AC3FB19D194E303A00528258 /* STSessionManager.h */,
				AC3FB19E194E303A00528258 /* STSessionManager.m */,
			);
			name = managers;
			sourceTree = "<group>";
		};
		AC6D3918194DCBDC00AE7590 /* login */ = {
			isa = PBXGroup;
			children = (
				AC6D3919194DCC2400AE7590 /* STLoginViewController.h */,
				AC6D391A194DCC2400AE7590 /* STLoginViewController.m */,
				AC6D391B194DCC2400AE7590 /* STLoginViewController.xib */,
			);
			name = login;
			sourceTree = "<group>";
		};
		AC6D3920194DD6FC00AE7590 /* app delegate */ = {
			isa = PBXGroup;
			children = (
				AC6D3921194DD75600AE7590 /* STAppDelegate.h */,
				AC6D3922194DD75600AE7590 /* STAppDelegate.m */,
			);
			name = "app delegate";
			sourceTree = "<group>";
		};
		AC6D3925194DF93000AE7590 /* assets */ = {
			isa = PBXGroup;
			children = (
				AC6D3926194DF9B900AE7590 /* demoVideo.mp4 */,
			);
			name = assets;
			sourceTree = "<group>";
		};
		ACB1CA60195AE7C100F18C24 /* main */ = {
			isa = PBXGroup;
			children = (
				ACB1CA62195AE7FD00F18C24 /* my cards */,
				ACB1CA61195AE7F200F18C24 /* map */,
			);
			name = main;
			sourceTree = "<group>";
		};
		ACB1CA61195AE7F200F18C24 /* map */ = {
			isa = PBXGroup;
			children = (
			);
			name = map;
			sourceTree = "<group>";
		};
		ACB1CA62195AE7FD00F18C24 /* my cards */ = {
			isa = PBXGroup;
			children = (
			);
			name = "my cards";
			sourceTree = "<group>";
		};
		ACB76682194C801000925D2D = {
			isa = PBXGroup;
			children = (
				ACB76694194C801000925D2D /* StampAround */,
				ACB766AD194C801100925D2D /* StampAroundTests */,
				ACB7668D194C801000925D2D /* Frameworks */,
				ACB7668C194C801000925D2D /* Products */,
				7EBA073928054A5C9716E2E0 /* Pods.xcconfig */,
			);
			sourceTree = "<group>";
		};
		ACB7668C194C801000925D2D /* Products */ = {
			isa = PBXGroup;
			children = (
				ACB7668B194C801000925D2D /* StampAround.app */,
				ACB766A6194C801100925D2D /* StampAroundTests.xctest */,
			);
			name = Products;
			sourceTree = "<group>";
		};
		ACB7668D194C801000925D2D /* Frameworks */ = {
			isa = PBXGroup;
			children = (
				ACE7E80119510EA600CE87A8 /* QuartzCore.framework */,
				AC6D3928194DFA3D00AE7590 /* AVFoundation.framework */,
				ACB7668E194C801000925D2D /* Foundation.framework */,
				ACB76690194C801000925D2D /* CoreGraphics.framework */,
				ACB76692194C801000925D2D /* UIKit.framework */,
				ACB766A7194C801100925D2D /* XCTest.framework */,
				5574AE2FA0C34C55A8F962DA /* libPods.a */,
			);
			name = Frameworks;
			sourceTree = "<group>";
		};
		ACB76694194C801000925D2D /* StampAround */ = {
			isa = PBXGroup;
			children = (
				ACB1CA60195AE7C100F18C24 /* main */,
				ACD358DF195103F100D04B35 /* custom elements */,
				AC4D0B881950D42200A0ABF6 /* register */,
				AC3FB1A6194FB5CE00528258 /* categories screen */,
				AC3FB1A0194E491400528258 /* resources */,
				AC6D3925194DF93000AE7590 /* assets */,
				AC6D3920194DD6FC00AE7590 /* app delegate */,
				AC6D3918194DCBDC00AE7590 /* login */,
				AC6D3914194DBC4800AE7590 /* managers */,
				ACB766BF194C892C00925D2D /* start screen */,
				ACB766BD194C880500925D2D /* extra */,
				ACB766A0194C801100925D2D /* Images.xcassets */,
				ACB76695194C801100925D2D /* Supporting Files */,
			);
			path = StampAround;
			sourceTree = "<group>";
		};
		ACB76695194C801100925D2D /* Supporting Files */ = {
			isa = PBXGroup;
			children = (
				ACB76696194C801100925D2D /* StampAround-Info.plist */,
				ACB76697194C801100925D2D /* InfoPlist.strings */,
				ACB7669A194C801100925D2D /* main.m */,
				ACB7669C194C801100925D2D /* StampAround-Prefix.pch */,
			);
			name = "Supporting Files";
			sourceTree = "<group>";
		};
		ACB766AD194C801100925D2D /* StampAroundTests */ = {
			isa = PBXGroup;
			children = (
				ACB766B3194C801100925D2D /* StampAroundTests.m */,
				ACB766AE194C801100925D2D /* Supporting Files */,
			);
			path = StampAroundTests;
			sourceTree = "<group>";
		};
		ACB766AE194C801100925D2D /* Supporting Files */ = {
			isa = PBXGroup;
			children = (
				ACB766AF194C801100925D2D /* StampAroundTests-Info.plist */,
				ACB766B0194C801100925D2D /* InfoPlist.strings */,
			);
			name = "Supporting Files";
			sourceTree = "<group>";
		};
		ACB766BD194C880500925D2D /* extra */ = {
			isa = PBXGroup;
			children = (
				AC6D3924194DD81200AE7590 /* STMacros.h */,
				AC3FB19C194E253700528258 /* STConstants.h */,
				AC4D0B931950F23700A0ABF6 /* STUtilities.h */,
				AC4D0B941950F23700A0ABF6 /* STUtilities.m */,
			);
			name = extra;
			sourceTree = "<group>";
		};
		ACB766BF194C892C00925D2D /* start screen */ = {
			isa = PBXGroup;
			children = (
				ACB766C0194C8A3B00925D2D /* STStartViewController.h */,
				ACB766C1194C8A3B00925D2D /* STStartViewController.m */,
				ACB766C2194C8A3B00925D2D /* STStartViewController.xib */,
			);
			name = "start screen";
			sourceTree = "<group>";
		};
		ACD358DF195103F100D04B35 /* custom elements */ = {
			isa = PBXGroup;
			children = (
				ACD358E01951042600D04B35 /* STButton.h */,
				ACD358E11951042600D04B35 /* STButton.m */,
				ACB1CA63195AF0C600F18C24 /* STBottomBar.h */,
				ACB1CA64195AF0C600F18C24 /* STBottomBar.m */,
				ACB1CA66195AF0F000F18C24 /* STBottomBar.xib */,
			);
			name = "custom elements";
			sourceTree = "<group>";
		};
/* End PBXGroup section */

/* Begin PBXNativeTarget section */
		ACB7668A194C801000925D2D /* StampAround */ = {
			isa = PBXNativeTarget;
			buildConfigurationList = ACB766B7194C801100925D2D /* Build configuration list for PBXNativeTarget "StampAround" */;
			buildPhases = (
				AEEF2EC1F1994C3B8C01AE27 /* Check Pods Manifest.lock */,
				ACB76687194C801000925D2D /* Sources */,
				ACB76688194C801000925D2D /* Frameworks */,
				ACB76689194C801000925D2D /* Resources */,
				0B81A9E34DA946229E305D78 /* Copy Pods Resources */,
			);
			buildRules = (
			);
			dependencies = (
			);
			name = StampAround;
			productName = StampAround;
			productReference = ACB7668B194C801000925D2D /* StampAround.app */;
			productType = "com.apple.product-type.application";
		};
		ACB766A5194C801100925D2D /* StampAroundTests */ = {
			isa = PBXNativeTarget;
			buildConfigurationList = ACB766BA194C801100925D2D /* Build configuration list for PBXNativeTarget "StampAroundTests" */;
			buildPhases = (
				ACB766A2194C801100925D2D /* Sources */,
				ACB766A3194C801100925D2D /* Frameworks */,
				ACB766A4194C801100925D2D /* Resources */,
			);
			buildRules = (
			);
			dependencies = (
				ACB766AC194C801100925D2D /* PBXTargetDependency */,
			);
			name = StampAroundTests;
			productName = StampAroundTests;
			productReference = ACB766A6194C801100925D2D /* StampAroundTests.xctest */;
			productType = "com.apple.product-type.bundle.unit-test";
		};
/* End PBXNativeTarget section */

/* Begin PBXProject section */
		ACB76683194C801000925D2D /* Project object */ = {
			isa = PBXProject;
			attributes = {
				LastUpgradeCheck = 0510;
				ORGANIZATIONNAME = StampAround;
				TargetAttributes = {
					ACB7668A194C801000925D2D = {
						DevelopmentTeam = 842GBVPPFC;
					};
					ACB766A5194C801100925D2D = {
						TestTargetID = ACB7668A194C801000925D2D;
					};
				};
			};
			buildConfigurationList = ACB76686194C801000925D2D /* Build configuration list for PBXProject "StampAround" */;
			compatibilityVersion = "Xcode 3.2";
			developmentRegion = English;
			hasScannedForEncodings = 0;
			knownRegions = (
				en,
			);
			mainGroup = ACB76682194C801000925D2D;
			productRefGroup = ACB7668C194C801000925D2D /* Products */;
			projectDirPath = "";
			projectRoot = "";
			targets = (
				ACB7668A194C801000925D2D /* StampAround */,
				ACB766A5194C801100925D2D /* StampAroundTests */,
			);
		};
/* End PBXProject section */

/* Begin PBXResourcesBuildPhase section */
		ACB76689194C801000925D2D /* Resources */ = {
			isa = PBXResourcesBuildPhase;
			buildActionMask = 2147483647;
			files = (
				ACB766C4194C8A3B00925D2D /* STStartViewController.xib in Resources */,
				ACB1CA67195AF0F000F18C24 /* STBottomBar.xib in Resources */,
				ACB1CA77195C4D1500F18C24 /* icon_restaurant_pink@2x.png in Resources */,
				AC3FB1A4194E496C00528258 /* fb_login.png in Resources */,
				ACB1CA7C195C557600F18C24 /* icon_cafe_blue.png in Resources */,
				ACB1CA8E195C66B500F18C24 /* icon_groom_pink.png in Resources */,
				ACC172C91959C54300279F41 /* DINNextRoundedLTPro-Medium.otf in Resources */,
				ACB1CA7F195C557600F18C24 /* icon_cafe_pink@2x.png in Resources */,
				AC3FB1A5194E496C00528258 /* fb_login@2x.png in Resources */,
				AC35C2CE1951207E00CD0828 /* facebook_logo@2x.png in Resources */,
				AC0ED7091957923F00D0A63E /* logo_start.png in Resources */,
				AC4D0B921950D4AD00A0ABF6 /* STRegisterViewController.xib in Resources */,
				ACC172C71959C54300279F41 /* DINNextRoundedLTPro-Bold.otf in Resources */,
				ACB1CA84195C5B7200F18C24 /* icon_drinks_blue.png in Resources */,
				ACB1CA76195C4D1500F18C24 /* icon_restaurant_pink.png in Resources */,
				ACB1CA8D195C66B500F18C24 /* icon_groom_blue@2x.png in Resources */,
				ACB1CA8F195C66B500F18C24 /* icon_groom_pink@2x.png in Resources */,
				ACC172C81959C54300279F41 /* DINNextRoundedLTPro-Light.otf in Resources */,
				AC0ED70619577CEA00D0A63E /* logo_login@2x.png in Resources */,
				AC3FB1B0194FB69E00528258 /* STCategoriesViewController.xib in Resources */,
				AC35C2CD1951207E00CD0828 /* facebook_logo.png in Resources */,
				ACB1CA8C195C66B500F18C24 /* icon_groom_blue.png in Resources */,
				ACB1CA85195C5B7200F18C24 /* icon_drinks_blue@2x.png in Resources */,
				AC6D3927194DF9B900AE7590 /* demoVideo.mp4 in Resources */,
				AC6D391D194DCC2400AE7590 /* STLoginViewController.xib in Resources */,
				AC0ED70A1957923F00D0A63E /* logo_start@2x.png in Resources */,
				ACB1CA74195C4D1500F18C24 /* icon_restaurant_blue.png in Resources */,
				AC0ED70519577CEA00D0A63E /* logo_login.png in Resources */,
				ACB1CA87195C5B7200F18C24 /* icon_drinks_pink@2x.png in Resources */,
				ACB1CA7E195C557600F18C24 /* icon_cafe_pink.png in Resources */,
				ACC172CA1959C54300279F41 /* DINNextRoundedLTPro-Regular.otf in Resources */,
				ACB1CA86195C5B7200F18C24 /* icon_drinks_pink.png in Resources */,
				ACB76699194C801100925D2D /* InfoPlist.strings in Resources */,
				ACB1CA75195C4D1500F18C24 /* icon_restaurant_blue@2x.png in Resources */,
				ACB1CA7D195C557600F18C24 /* icon_cafe_blue@2x.png in Resources */,
				ACB766A1194C801100925D2D /* Images.xcassets in Resources */,
			);
			runOnlyForDeploymentPostprocessing = 0;
		};
		ACB766A4194C801100925D2D /* Resources */ = {
			isa = PBXResourcesBuildPhase;
			buildActionMask = 2147483647;
			files = (
				ACB766B2194C801100925D2D /* InfoPlist.strings in Resources */,
			);
			runOnlyForDeploymentPostprocessing = 0;
		};
/* End PBXResourcesBuildPhase section */

/* Begin PBXShellScriptBuildPhase section */
		0B81A9E34DA946229E305D78 /* Copy Pods Resources */ = {
			isa = PBXShellScriptBuildPhase;
			buildActionMask = 2147483647;
			files = (
			);
			inputPaths = (
			);
			name = "Copy Pods Resources";
			outputPaths = (
			);
			runOnlyForDeploymentPostprocessing = 0;
			shellPath = /bin/sh;
			shellScript = "\"${SRCROOT}/Pods/Pods-resources.sh\"\n";
			showEnvVarsInLog = 0;
		};
		AEEF2EC1F1994C3B8C01AE27 /* Check Pods Manifest.lock */ = {
			isa = PBXShellScriptBuildPhase;
			buildActionMask = 2147483647;
			files = (
			);
			inputPaths = (
			);
			name = "Check Pods Manifest.lock";
			outputPaths = (
			);
			runOnlyForDeploymentPostprocessing = 0;
			shellPath = /bin/sh;
			shellScript = "diff \"${PODS_ROOT}/../Podfile.lock\" \"${PODS_ROOT}/Manifest.lock\" > /dev/null\nif [[ $? != 0 ]] ; then\n    cat << EOM\nerror: The sandbox is not in sync with the Podfile.lock. Run 'pod install' or update your CocoaPods installation.\nEOM\n    exit 1\nfi\n";
			showEnvVarsInLog = 0;
		};
/* End PBXShellScriptBuildPhase section */

/* Begin PBXSourcesBuildPhase section */
		ACB76687194C801000925D2D /* Sources */ = {
			isa = PBXSourcesBuildPhase;
			buildActionMask = 2147483647;
			files = (
				AC4D0B911950D4AD00A0ABF6 /* STRegisterViewController.m in Sources */,
				ACB1CA65195AF0C600F18C24 /* STBottomBar.m in Sources */,
				AC3FB1AF194FB69E00528258 /* STCategoriesViewController.m in Sources */,
				ACB766C3194C8A3B00925D2D /* STStartViewController.m in Sources */,
				AC3FB19F194E303A00528258 /* STSessionManager.m in Sources */,
				AC4D0B951950F23700A0ABF6 /* STUtilities.m in Sources */,
				AC6D3917194DBCB200AE7590 /* STNetworkManager.m in Sources */,
				AC6D391C194DCC2400AE7590 /* STLoginViewController.m in Sources */,
				ACB7669B194C801100925D2D /* main.m in Sources */,
				ACD358E21951042600D04B35 /* STButton.m in Sources */,
				AC6D3923194DD75600AE7590 /* STAppDelegate.m in Sources */,
			);
			runOnlyForDeploymentPostprocessing = 0;
		};
		ACB766A2194C801100925D2D /* Sources */ = {
			isa = PBXSourcesBuildPhase;
			buildActionMask = 2147483647;
			files = (
				ACB766B4194C801100925D2D /* StampAroundTests.m in Sources */,
			);
			runOnlyForDeploymentPostprocessing = 0;
		};
/* End PBXSourcesBuildPhase section */

/* Begin PBXTargetDependency section */
		ACB766AC194C801100925D2D /* PBXTargetDependency */ = {
			isa = PBXTargetDependency;
			target = ACB7668A194C801000925D2D /* StampAround */;
			targetProxy = ACB766AB194C801100925D2D /* PBXContainerItemProxy */;
		};
/* End PBXTargetDependency section */

/* Begin PBXVariantGroup section */
		ACB76697194C801100925D2D /* InfoPlist.strings */ = {
			isa = PBXVariantGroup;
			children = (
				ACB76698194C801100925D2D /* en */,
			);
			name = InfoPlist.strings;
			sourceTree = "<group>";
		};
		ACB766B0194C801100925D2D /* InfoPlist.strings */ = {
			isa = PBXVariantGroup;
			children = (
				ACB766B1194C801100925D2D /* en */,
			);
			name = InfoPlist.strings;
			sourceTree = "<group>";
		};
/* End PBXVariantGroup section */

/* Begin XCBuildConfiguration section */
		ACB766B5194C801100925D2D /* Debug */ = {
			isa = XCBuildConfiguration;
			buildSettings = {
				ALWAYS_SEARCH_USER_PATHS = NO;
				CLANG_CXX_LANGUAGE_STANDARD = "gnu++0x";
				CLANG_CXX_LIBRARY = "libc++";
				CLANG_ENABLE_MODULES = YES;
				CLANG_ENABLE_OBJC_ARC = YES;
				CLANG_WARN_BOOL_CONVERSION = YES;
				CLANG_WARN_CONSTANT_CONVERSION = YES;
				CLANG_WARN_DIRECT_OBJC_ISA_USAGE = YES_ERROR;
				CLANG_WARN_EMPTY_BODY = YES;
				CLANG_WARN_ENUM_CONVERSION = YES;
				CLANG_WARN_INT_CONVERSION = YES;
				CLANG_WARN_OBJC_ROOT_CLASS = YES_ERROR;
				CLANG_WARN__DUPLICATE_METHOD_MATCH = YES;
				"CODE_SIGN_IDENTITY[sdk=iphoneos*]" = "iPhone Developer";
				COPY_PHASE_STRIP = NO;
				GCC_C_LANGUAGE_STANDARD = gnu99;
				GCC_DYNAMIC_NO_PIC = NO;
				GCC_OPTIMIZATION_LEVEL = 0;
				GCC_PREPROCESSOR_DEFINITIONS = (
					"DEBUG=1",
					"$(inherited)",
				);
				GCC_SYMBOLS_PRIVATE_EXTERN = NO;
				GCC_WARN_64_TO_32_BIT_CONVERSION = YES;
				GCC_WARN_ABOUT_RETURN_TYPE = YES_ERROR;
				GCC_WARN_UNDECLARED_SELECTOR = YES;
				GCC_WARN_UNINITIALIZED_AUTOS = YES_AGGRESSIVE;
				GCC_WARN_UNUSED_FUNCTION = YES;
				GCC_WARN_UNUSED_VARIABLE = YES;
				IPHONEOS_DEPLOYMENT_TARGET = 7.1;
				ONLY_ACTIVE_ARCH = YES;
				SDKROOT = iphoneos;
			};
			name = Debug;
		};
		ACB766B6194C801100925D2D /* Release */ = {
			isa = XCBuildConfiguration;
			buildSettings = {
				ALWAYS_SEARCH_USER_PATHS = NO;
				CLANG_CXX_LANGUAGE_STANDARD = "gnu++0x";
				CLANG_CXX_LIBRARY = "libc++";
				CLANG_ENABLE_MODULES = YES;
				CLANG_ENABLE_OBJC_ARC = YES;
				CLANG_WARN_BOOL_CONVERSION = YES;
				CLANG_WARN_CONSTANT_CONVERSION = YES;
				CLANG_WARN_DIRECT_OBJC_ISA_USAGE = YES_ERROR;
				CLANG_WARN_EMPTY_BODY = YES;
				CLANG_WARN_ENUM_CONVERSION = YES;
				CLANG_WARN_INT_CONVERSION = YES;
				CLANG_WARN_OBJC_ROOT_CLASS = YES_ERROR;
				CLANG_WARN__DUPLICATE_METHOD_MATCH = YES;
				"CODE_SIGN_IDENTITY[sdk=iphoneos*]" = "iPhone Developer";
				COPY_PHASE_STRIP = YES;
				ENABLE_NS_ASSERTIONS = NO;
				GCC_C_LANGUAGE_STANDARD = gnu99;
				GCC_WARN_64_TO_32_BIT_CONVERSION = YES;
				GCC_WARN_ABOUT_RETURN_TYPE = YES_ERROR;
				GCC_WARN_UNDECLARED_SELECTOR = YES;
				GCC_WARN_UNINITIALIZED_AUTOS = YES_AGGRESSIVE;
				GCC_WARN_UNUSED_FUNCTION = YES;
				GCC_WARN_UNUSED_VARIABLE = YES;
				IPHONEOS_DEPLOYMENT_TARGET = 7.1;
				SDKROOT = iphoneos;
				VALIDATE_PRODUCT = YES;
			};
			name = Release;
		};
		ACB766B8194C801100925D2D /* Debug */ = {
			isa = XCBuildConfiguration;
			baseConfigurationReference = 7EBA073928054A5C9716E2E0 /* Pods.xcconfig */;
			buildSettings = {
				ASSETCATALOG_COMPILER_APPICON_NAME = AppIcon;
				ASSETCATALOG_COMPILER_LAUNCHIMAGE_NAME = LaunchImage;
				CODE_SIGN_IDENTITY = "iPhone Developer";
				GCC_PRECOMPILE_PREFIX_HEADER = YES;
				GCC_PREFIX_HEADER = "StampAround/StampAround-Prefix.pch";
				INFOPLIST_FILE = "StampAround/StampAround-Info.plist";
				IPHONEOS_DEPLOYMENT_TARGET = 6.1;
				PRODUCT_NAME = "$(TARGET_NAME)";
				WRAPPER_EXTENSION = app;
			};
			name = Debug;
		};
		ACB766B9194C801100925D2D /* Release */ = {
			isa = XCBuildConfiguration;
			baseConfigurationReference = 7EBA073928054A5C9716E2E0 /* Pods.xcconfig */;
			buildSettings = {
				ASSETCATALOG_COMPILER_APPICON_NAME = AppIcon;
				ASSETCATALOG_COMPILER_LAUNCHIMAGE_NAME = LaunchImage;
				CODE_SIGN_IDENTITY = "iPhone Developer";
				GCC_PRECOMPILE_PREFIX_HEADER = YES;
				GCC_PREFIX_HEADER = "StampAround/StampAround-Prefix.pch";
				INFOPLIST_FILE = "StampAround/StampAround-Info.plist";
				IPHONEOS_DEPLOYMENT_TARGET = 6.1;
				PRODUCT_NAME = "$(TARGET_NAME)";
				WRAPPER_EXTENSION = app;
			};
			name = Release;
		};
		ACB766BB194C801100925D2D /* Debug */ = {
			isa = XCBuildConfiguration;
			buildSettings = {
				BUNDLE_LOADER = "$(BUILT_PRODUCTS_DIR)/StampAround.app/StampAround";
				FRAMEWORK_SEARCH_PATHS = (
					"$(SDKROOT)/Developer/Library/Frameworks",
					"$(inherited)",
					"$(DEVELOPER_FRAMEWORKS_DIR)",
				);
				GCC_PRECOMPILE_PREFIX_HEADER = YES;
				GCC_PREFIX_HEADER = "StampAround/StampAround-Prefix.pch";
				GCC_PREPROCESSOR_DEFINITIONS = (
					"DEBUG=1",
					"$(inherited)",
				);
				INFOPLIST_FILE = "StampAroundTests/StampAroundTests-Info.plist";
				PRODUCT_NAME = "$(TARGET_NAME)";
				TEST_HOST = "$(BUNDLE_LOADER)";
				WRAPPER_EXTENSION = xctest;
			};
			name = Debug;
		};
		ACB766BC194C801100925D2D /* Release */ = {
			isa = XCBuildConfiguration;
			buildSettings = {
				BUNDLE_LOADER = "$(BUILT_PRODUCTS_DIR)/StampAround.app/StampAround";
				FRAMEWORK_SEARCH_PATHS = (
					"$(SDKROOT)/Developer/Library/Frameworks",
					"$(inherited)",
					"$(DEVELOPER_FRAMEWORKS_DIR)",
				);
				GCC_PRECOMPILE_PREFIX_HEADER = YES;
				GCC_PREFIX_HEADER = "StampAround/StampAround-Prefix.pch";
				INFOPLIST_FILE = "StampAroundTests/StampAroundTests-Info.plist";
				PRODUCT_NAME = "$(TARGET_NAME)";
				TEST_HOST = "$(BUNDLE_LOADER)";
				WRAPPER_EXTENSION = xctest;
			};
			name = Release;
		};
/* End XCBuildConfiguration section */

/* Begin XCConfigurationList section */
		ACB76686194C801000925D2D /* Build configuration list for PBXProject "StampAround" */ = {
			isa = XCConfigurationList;
			buildConfigurations = (
				ACB766B5194C801100925D2D /* Debug */,
				ACB766B6194C801100925D2D /* Release */,
			);
			defaultConfigurationIsVisible = 0;
			defaultConfigurationName = Release;
		};
		ACB766B7194C801100925D2D /* Build configuration list for PBXNativeTarget "StampAround" */ = {
			isa = XCConfigurationList;
			buildConfigurations = (
				ACB766B8194C801100925D2D /* Debug */,
				ACB766B9194C801100925D2D /* Release */,
			);
			defaultConfigurationIsVisible = 0;
			defaultConfigurationName = Release;
		};
		ACB766BA194C801100925D2D /* Build configuration list for PBXNativeTarget "StampAroundTests" */ = {
			isa = XCConfigurationList;
			buildConfigurations = (
				ACB766BB194C801100925D2D /* Debug */,
				ACB766BC194C801100925D2D /* Release */,
			);
			defaultConfigurationIsVisible = 0;
			defaultConfigurationName = Release;
		};
/* End XCConfigurationList section */
	};
	rootObject = ACB76683194C801000925D2D /* Project object */;
}
